# This file is automatically @generated by Poetry 2.1.2 and should not be changed by hand.

[[package]]
name = "ldap3"
version = "2.9.1"
description = "A strictly RFC 4510 conforming LDAP V3 pure Python client library"
optional = false
python-versions = "*"
groups = ["main"]
files = [
    {file = "ldap3-2.9.1-py2.py3-none-any.whl", hash = "sha256:5869596fc4948797020d3f03b7939da938778a0f9e2009f7a072ccf92b8e8d70"},
    {file = "ldap3-2.9.1.tar.gz", hash = "sha256:f3e7fc4718e3f09dda568b57100095e0ce58633bcabbed8667ce3f8fbaa4229f"},
]

[package.dependencies]
pyasn1 = ">=0.4.6"

[[package]]
name = "pyasn1"
version = "0.6.1"
description = "Pure-Python implementation of ASN.1 types and DER/BER/CER codecs (X.208)"
optional = false
python-versions = ">=3.8"
groups = ["main"]
files = [
    {file = "pyasn1-0.6.1-py3-none-any.whl", hash = "sha256:0d632f46f2ba09143da3a8afe9e33fb6f92fa2320ab7e886e2d0f7672af84629"},
    {file = "pyasn1-0.6.1.tar.gz", hash = "sha256:6f580d2bdd84365380830acf45550f2511469f673cb4a5ae3857a3170128b034"},
]

[[package]]
name = "python-dotenv"
version = "1.1.0"
description = "Read key-value pairs from a .env file and set them as environment variables"
optional = false
python-versions = ">=3.9"
groups = ["main"]
files = [
    {file = "python_dotenv-1.1.0-py3-none-any.whl", hash = "sha256:d7c01d9e2293916c18baf562d95698754b0dbbb5e74d457c45d4f6561fb9d55d"},
    {file = "python_dotenv-1.1.0.tar.gz", hash = "sha256:41f90bc6f5f177fb41f53e87666db362025010eb28f60a01c9143bfa33a2b2d5"},
]

[package.extras]
cli = ["click (>=5.0)"]

[metadata]
lock-version = "2.1"
python-versions = ">=3.12"
content-hash = "8eb14e38ef3c855903629235a91edd93cf9e12194084e7c231eecfbdcef85b6e"
